
Microsoft Visual Studio Solution File, Format Version 12.00
# Visual Studio Version 16
VisualStudioVersion = 16.0.29806.167
MinimumVisualStudioVersion = 10.0.40219.1
Project("{FAE04EC0-301F-11D3-BF4B-00C04F79EFBC}") = "Uebung_3", "Uebung_3\Uebung_3.csproj", "{87DD3305-E4CB-49A7-8E23-7E9E61D0073D}"
EndProject
Global
	GlobalSection(SolutionConfigurationPlatforms) = preSolution
		Debug|Any CPU = Debug|Any CPU
		Release|Any CPU = Release|Any CPU
	EndGlobalSection
	GlobalSection(ProjectConfigurationPlatforms) = postSolution
		{87DD3305-E4CB-49A7-8E23-7E9E61D0073D}.Debug|Any CPU.ActiveCfg = Debug|Any CPU
		{87DD3305-E4CB-49A7-8E23-7E9E61D0073D}.Debug|Any CPU.Build.0 = Debug|Any CPU
		{87DD3305-E4CB-49A7-8E23-7E9E61D0073D}.Release|Any CPU.ActiveCfg = Release|Any CPU
		{87DD3305-E4CB-49A7-8E23-7E9E61D0073D}.Release|Any CPU.Build.0 = Release|Any CPU
	EndGlobalSection
	GlobalSection(SolutionProperties) = preSolution
		HideSolutionNode = FALSE
	EndGlobalSection
	GlobalSection(ExtensibilityGlobals) = postSolution
		SolutionGuid = {A84754C2-C682-44CC-8CFD-359944197912}
	EndGlobalSection
EndGlobal
